
Microsoft Visual Studio Solution File, Format Version 12.00
# Visual Studio 14
VisualStudioVersion = 14.0.25420.1
MinimumVisualStudioVersion = 10.0.40219.1
Project("{FAE04EC0-301F-11D3-BF4B-00C04F79EFBC}") = "DomainServiceOrder", "DomainServiceOrder\DomainServiceOrder\DomainServiceOrder.csproj", "{0C05EE63-0EBA-4995-B3F2-F2C06DDDCC5B}"
EndProject
Project("{FAE04EC0-301F-11D3-BF4B-00C04F79EFBC}") = "DomainEntityOrder", "DomainEntityOrder\DomainEntityOrder.csproj", "{94A20A42-B9B8-45FD-B7C8-0B21318425FF}"
EndProject
Project("{FAE04EC0-301F-11D3-BF4B-00C04F79EFBC}") = "DBRepositoryOrder", "DBRepositoryOrder\DBRepositoryOrder.csproj", "{FAFFF129-31DF-4FD6-835B-EB6C29ADD4A7}"
EndProject
Project("{FAE04EC0-301F-11D3-BF4B-00C04F79EFBC}") = "WebClientOrder", "WebClientOrder\WebClientOrder.csproj", "{7A67956F-B097-47CA-944E-380F1E088531}"
EndProject
Project("{FAE04EC0-301F-11D3-BF4B-00C04F79EFBC}") = "DomainModelOrder", "DomainModelOrder\DomainModelOrder.csproj", "{B2C347DA-228A-49CB-A55F-AEE693CD55BA}"
EndProject
Project("{FAE04EC0-301F-11D3-BF4B-00C04F79EFBC}") = "UnitTestOrder", "UnitTestOrder\UnitTestOrder.csproj", "{03CD2A40-3227-486F-9562-3C135945F3B3}"
EndProject
Project("{FAE04EC0-301F-11D3-BF4B-00C04F79EFBC}") = "OrderExtension", "OrderExtension\OrderExtension.csproj", "{610FA096-967F-44AA-B45D-5474C657D749}"
EndProject
Global
	GlobalSection(SolutionConfigurationPlatforms) = preSolution
		Debug|Any CPU = Debug|Any CPU
		Release|Any CPU = Release|Any CPU
	EndGlobalSection
	GlobalSection(ProjectConfigurationPlatforms) = postSolution
		{0C05EE63-0EBA-4995-B3F2-F2C06DDDCC5B}.Debug|Any CPU.ActiveCfg = Debug|Any CPU
		{0C05EE63-0EBA-4995-B3F2-F2C06DDDCC5B}.Debug|Any CPU.Build.0 = Debug|Any CPU
		{0C05EE63-0EBA-4995-B3F2-F2C06DDDCC5B}.Release|Any CPU.ActiveCfg = Release|Any CPU
		{0C05EE63-0EBA-4995-B3F2-F2C06DDDCC5B}.Release|Any CPU.Build.0 = Release|Any CPU
		{94A20A42-B9B8-45FD-B7C8-0B21318425FF}.Debug|Any CPU.ActiveCfg = Debug|Any CPU
		{94A20A42-B9B8-45FD-B7C8-0B21318425FF}.Debug|Any CPU.Build.0 = Debug|Any CPU
		{94A20A42-B9B8-45FD-B7C8-0B21318425FF}.Release|Any CPU.ActiveCfg = Release|Any CPU
		{94A20A42-B9B8-45FD-B7C8-0B21318425FF}.Release|Any CPU.Build.0 = Release|Any CPU
		{FAFFF129-31DF-4FD6-835B-EB6C29ADD4A7}.Debug|Any CPU.ActiveCfg = Debug|Any CPU
		{FAFFF129-31DF-4FD6-835B-EB6C29ADD4A7}.Debug|Any CPU.Build.0 = Debug|Any CPU
		{FAFFF129-31DF-4FD6-835B-EB6C29ADD4A7}.Release|Any CPU.ActiveCfg = Release|Any CPU
		{FAFFF129-31DF-4FD6-835B-EB6C29ADD4A7}.Release|Any CPU.Build.0 = Release|Any CPU
		{7A67956F-B097-47CA-944E-380F1E088531}.Debug|Any CPU.ActiveCfg = Debug|Any CPU
		{7A67956F-B097-47CA-944E-380F1E088531}.Debug|Any CPU.Build.0 = Debug|Any CPU
		{7A67956F-B097-47CA-944E-380F1E088531}.Release|Any CPU.ActiveCfg = Release|Any CPU
		{7A67956F-B097-47CA-944E-380F1E088531}.Release|Any CPU.Build.0 = Release|Any CPU
		{B2C347DA-228A-49CB-A55F-AEE693CD55BA}.Debug|Any CPU.ActiveCfg = Debug|Any CPU
		{B2C347DA-228A-49CB-A55F-AEE693CD55BA}.Debug|Any CPU.Build.0 = Debug|Any CPU
		{B2C347DA-228A-49CB-A55F-AEE693CD55BA}.Release|Any CPU.ActiveCfg = Release|Any CPU
		{B2C347DA-228A-49CB-A55F-AEE693CD55BA}.Release|Any CPU.Build.0 = Release|Any CPU
		{03CD2A40-3227-486F-9562-3C135945F3B3}.Debug|Any CPU.ActiveCfg = Debug|Any CPU
		{03CD2A40-3227-486F-9562-3C135945F3B3}.Debug|Any CPU.Build.0 = Debug|Any CPU
		{03CD2A40-3227-486F-9562-3C135945F3B3}.Release|Any CPU.ActiveCfg = Release|Any CPU
		{03CD2A40-3227-486F-9562-3C135945F3B3}.Release|Any CPU.Build.0 = Release|Any CPU
		{610FA096-967F-44AA-B45D-5474C657D749}.Debug|Any CPU.ActiveCfg = Debug|Any CPU
		{610FA096-967F-44AA-B45D-5474C657D749}.Debug|Any CPU.Build.0 = Debug|Any CPU
		{610FA096-967F-44AA-B45D-5474C657D749}.Release|Any CPU.ActiveCfg = Release|Any CPU
		{610FA096-967F-44AA-B45D-5474C657D749}.Release|Any CPU.Build.0 = Release|Any CPU
	EndGlobalSection
	GlobalSection(SolutionProperties) = preSolution
		HideSolutionNode = FALSE
	EndGlobalSection
EndGlobal
